{
  "version": 4,
  "terraform_version": "1.7.5",
  "serial": 19,
  "lineage": "6b77d65a-469f-e405-2d59-a7e7c5530d7c",
  "outputs": {
    "all_servers": {
      "value": {
        "vm-test-0": "178.154.223.125"
      },
      "type": [
        "object",
        {
          "vm-test-0": "string"
        }
      ]
    }
  },
  "resources": [
    {
      "module": "module.dns_zone",
      "mode": "managed",
      "type": "yandex_dns_recordset",
      "name": "dns_recs",
      "provider": "provider[\"registry.terraform.io/yandex-cloud/yandex\"]",
      "instances": [
        {
          "schema_version": 0,
          "attributes": {
            "data": [
              "178.154.223.125"
            ],
            "id": "dns78fbkvcrnlvr6v8ps/test.docker.deviot.ru./A",
            "name": "test.docker.deviot.ru.",
            "timeouts": null,
            "ttl": 200,
            "type": "A",
            "zone_id": "dns78fbkvcrnlvr6v8ps"
          },
          "sensitive_attributes": [],
          "private": "eyJlMmJmYjczMC1lY2FhLTExZTYtOGY4OC0zNDM2M2JjN2M0YzAiOnsiY3JlYXRlIjozMDAwMDAwMDAwMDAsImRlbGV0ZSI6MzAwMDAwMDAwMDAwLCJ1cGRhdGUiOjMwMDAwMDAwMDAwMH19",
          "dependencies": [
            "module.dns_zone.yandex_dns_zone.zone_dns",
            "module.network.yandex_vpc_network.network_terraform",
            "module.network.yandex_vpc_subnet.subnet_terraform",
            "module.vm.data.yandex_compute_image.os_image",
            "module.vm.yandex_compute_instance.vm"
          ]
        }
      ]
    },
    {
      "module": "module.dns_zone",
      "mode": "managed",
      "type": "yandex_dns_zone",
      "name": "zone_dns",
      "provider": "provider[\"registry.terraform.io/yandex-cloud/yandex\"]",
      "instances": [
        {
          "schema_version": 0,
          "attributes": {
            "created_at": "2024-04-22T11:20:38Z",
            "deletion_protection": false,
            "description": "",
            "folder_id": "b1gq441l9n1pl3gc9n47",
            "id": "dns78fbkvcrnlvr6v8ps",
            "labels": null,
            "name": "test-zone",
            "private_networks": [],
            "public": true,
            "timeouts": null,
            "zone": "deviot.ru."
          },
          "sensitive_attributes": [],
          "private": "eyJlMmJmYjczMC1lY2FhLTExZTYtOGY4OC0zNDM2M2JjN2M0YzAiOnsiY3JlYXRlIjozMDAwMDAwMDAwMDAsImRlbGV0ZSI6MzAwMDAwMDAwMDAwLCJ1cGRhdGUiOjMwMDAwMDAwMDAwMH19"
        }
      ]
    },
    {
      "module": "module.network",
      "mode": "managed",
      "type": "yandex_vpc_network",
      "name": "network_terraform",
      "provider": "provider[\"registry.terraform.io/yandex-cloud/yandex\"]",
      "instances": [
        {
          "schema_version": 0,
          "attributes": {
            "created_at": "2024-04-22T11:20:38Z",
            "default_security_group_id": "enp3vvcat361rmpo1u10",
            "description": "",
            "folder_id": "b1gq441l9n1pl3gc9n47",
            "id": "enp9jhjupam5437ndlgn",
            "labels": {},
            "name": "network_terraform",
            "subnet_ids": [],
            "timeouts": null
          },
          "sensitive_attributes": [],
          "private": "eyJlMmJmYjczMC1lY2FhLTExZTYtOGY4OC0zNDM2M2JjN2M0YzAiOnsiY3JlYXRlIjo2MDAwMDAwMDAwMCwiZGVsZXRlIjo2MDAwMDAwMDAwMCwidXBkYXRlIjo2MDAwMDAwMDAwMH19"
        }
      ]
    },
    {
      "module": "module.network",
      "mode": "managed",
      "type": "yandex_vpc_subnet",
      "name": "subnet_terraform",
      "provider": "provider[\"registry.terraform.io/yandex-cloud/yandex\"]",
      "instances": [
        {
          "schema_version": 0,
          "attributes": {
            "created_at": "2024-04-22T11:20:41Z",
            "description": "",
            "dhcp_options": [],
            "folder_id": "b1gq441l9n1pl3gc9n47",
            "id": "e9bj1akjm76tcv7v2dmt",
            "labels": {},
            "name": "subnet-test",
            "network_id": "enp9jhjupam5437ndlgn",
            "route_table_id": "",
            "timeouts": null,
            "v4_cidr_blocks": [
              "192.168.15.0/24"
            ],
            "v6_cidr_blocks": [],
            "zone": "ru-central1-a"
          },
          "sensitive_attributes": [],
          "private": "eyJlMmJmYjczMC1lY2FhLTExZTYtOGY4OC0zNDM2M2JjN2M0YzAiOnsiY3JlYXRlIjoxODAwMDAwMDAwMDAsImRlbGV0ZSI6MTgwMDAwMDAwMDAwLCJ1cGRhdGUiOjE4MDAwMDAwMDAwMH19",
          "dependencies": [
            "module.network.yandex_vpc_network.network_terraform"
          ]
        }
      ]
    },
    {
      "module": "module.vm",
      "mode": "data",
      "type": "yandex_compute_image",
      "name": "os_image",
      "provider": "provider[\"registry.terraform.io/yandex-cloud/yandex\"]",
      "instances": [
        {
          "schema_version": 0,
          "attributes": {
            "created_at": "2024-04-22T10:59:16Z",
            "description": "ubuntu 22.04 lts",
            "family": "ubuntu-2204-lts",
            "folder_id": "standard-images",
            "id": "fd82vchjp2kdjiuam29k",
            "image_id": "fd82vchjp2kdjiuam29k",
            "labels": {},
            "min_disk_size": 8,
            "name": "ubuntu-22-04-lts-v20240422",
            "os_type": "linux",
            "pooled": true,
            "product_ids": [
              "f2e8fd7amak2u9kopa4p"
            ],
            "size": 7,
            "status": "ready"
          },
          "sensitive_attributes": []
        }
      ]
    },
    {
      "module": "module.vm",
      "mode": "managed",
      "type": "yandex_compute_instance",
      "name": "vm",
      "provider": "provider[\"registry.terraform.io/yandex-cloud/yandex\"]",
      "instances": [
        {
          "index_key": 0,
          "schema_version": 1,
          "attributes": {
            "allow_recreate": null,
            "allow_stopping_for_update": true,
            "boot_disk": [
              {
                "auto_delete": true,
                "device_name": "fhmfu7q0sjobmsunvjub",
                "disk_id": "fhmfu7q0sjobmsunvjub",
                "initialize_params": [
                  {
                    "block_size": 4096,
                    "description": "",
                    "image_id": "fd82vchjp2kdjiuam29k",
                    "name": "",
                    "size": 8,
                    "snapshot_id": "",
                    "type": "network-hdd"
                  }
                ],
                "mode": "READ_WRITE"
              }
            ],
            "created_at": "2024-04-22T11:20:42Z",
            "description": "",
            "filesystem": [],
            "folder_id": "b1gq441l9n1pl3gc9n47",
            "fqdn": "fhmcaeq0uug21c8fuhhj.auto.internal",
            "gpu_cluster_id": "",
            "hostname": "",
            "id": "fhmcaeq0uug21c8fuhhj",
            "labels": null,
            "local_disk": [],
            "maintenance_grace_period": "",
            "maintenance_policy": null,
            "metadata": {
              "ssh-keys": "ubuntu:ssh-rsa AAAAB3NzaC1yc2EAAAADAQABAAABgQDQbtw0eZfB4qdUigQDtnUwUuFzDCZRG4Dc22jsyNT7dQ2LAopTjF2jeUpeuuR5v/2Jsnjdwjs2MiJhvafKpAaEHkYid681pBeTU1QqMDT5x+uVEamNmkdLBURPB4uDuKF40uV1esrPvu6RxMcbue/VzErw4BVUBE2CLDt8OsMAzRb8G8IiAJKpHQ6GLcaZ7wAUHNPXlSpCXj6aChkAvqCI1pvE5jqYE+VijVd/CPsQB6DvehYQ9ahIp8FgKC+2LolpPq0ZdEJeetGzNS0LvP/cfDXXdD7ouKYAuCksZhE9n5D/tlXletBQKT/EpSiyqLUs/ILgPjHsKpw83LEpP3ArqAYISZxDdBmer6NnoX1VVMrpEppITMA5YBp7CKvoJgY7tSb4B7YvO11HQgtxHhgzGinoLHn5Zmh9cJEIx9MLiAoss36fKTqqbt1y+ts4VkZNxyJ+gMzK3v9u3bo7LT0shn8MLQ3KvYymKmlU2/I56I9zbxXGYFG3SVoYvcsu190= dervish@dev-host\n"
            },
            "metadata_options": [
              {
                "aws_v1_http_endpoint": 1,
                "aws_v1_http_token": 2,
                "gce_http_endpoint": 1,
                "gce_http_token": 1
              }
            ],
            "name": "vm-test-0",
            "network_acceleration_type": "standard",
            "network_interface": [
              {
                "dns_record": [],
                "index": 0,
                "ip_address": "192.168.15.13",
                "ipv4": true,
                "ipv6": false,
                "ipv6_address": "",
                "ipv6_dns_record": [],
                "mac_address": "d0:0d:c5:3b:40:f7",
                "nat": true,
                "nat_dns_record": [],
                "nat_ip_address": "178.154.223.125",
                "nat_ip_version": "IPV4",
                "security_group_ids": [],
                "subnet_id": "e9bj1akjm76tcv7v2dmt"
              }
            ],
            "placement_policy": [
              {
                "host_affinity_rules": [],
                "placement_group_id": "",
                "placement_group_partition": 0
              }
            ],
            "platform_id": "standard-v1",
            "resources": [
              {
                "core_fraction": 5,
                "cores": 2,
                "gpus": 0,
                "memory": 1
              }
            ],
            "scheduling_policy": [
              {
                "preemptible": true
              }
            ],
            "secondary_disk": [],
            "service_account_id": "",
            "status": "running",
            "timeouts": null,
            "zone": "ru-central1-a"
          },
          "sensitive_attributes": [],
          "private": "eyJlMmJmYjczMC1lY2FhLTExZTYtOGY4OC0zNDM2M2JjN2M0YzAiOnsiY3JlYXRlIjozMDAwMDAwMDAwMDAsImRlbGV0ZSI6MzAwMDAwMDAwMDAwLCJ1cGRhdGUiOjMwMDAwMDAwMDAwMH0sInNjaGVtYV92ZXJzaW9uIjoiMSJ9",
          "dependencies": [
            "module.network.yandex_vpc_network.network_terraform",
            "module.network.yandex_vpc_subnet.subnet_terraform",
            "module.vm.data.yandex_compute_image.os_image"
          ]
        }
      ]
    }
  ],
  "check_results": null
}
